// !$*UTF8*$!
{
	archiveVersion = 1;
	classes = {
	};
	objectVersion = 51;
	objects = {

/* Begin PBXBuildFile section */
		8448D82924A500A400A3BCC8 /* AppDelegate.swift in Sources */ = {isa = PBXBuildFile; fileRef = 8448D82824A500A400A3BCC8 /* AppDelegate.swift */; };
		8448D83024A500A400A3BCC8 /* Main.storyboard in Resources */ = {isa = PBXBuildFile; fileRef = 8448D82E24A500A400A3BCC8 /* Main.storyboard */; };
		8448D83224A500B700A3BCC8 /* Assets.xcassets in Resources */ = {isa = PBXBuildFile; fileRef = 8448D83124A500B700A3BCC8 /* Assets.xcassets */; };
		8448D83524A500B700A3BCC8 /* LaunchScreen.storyboard in Resources */ = {isa = PBXBuildFile; fileRef = 8448D83324A500B700A3BCC8 /* LaunchScreen.storyboard */; };
		8448D84824A504EA00A3BCC8 /* EntityDetailsPresenterProtocols.swift in Sources */ = {isa = PBXBuildFile; fileRef = 8448D84724A504EA00A3BCC8 /* EntityDetailsPresenterProtocols.swift */; };
		8448D84A24A506F600A3BCC8 /* EventDetailsIntractor.swift in Sources */ = {isa = PBXBuildFile; fileRef = 8448D84924A506F600A3BCC8 /* EventDetailsIntractor.swift */; };
		8448D84C24A507CA00A3BCC8 /* EventDetailsViewController.swift in Sources */ = {isa = PBXBuildFile; fileRef = 8448D84B24A507CA00A3BCC8 /* EventDetailsViewController.swift */; };
		8448D84E24A5085600A3BCC8 /* EventDetailPresenter.swift in Sources */ = {isa = PBXBuildFile; fileRef = 8448D84D24A5085600A3BCC8 /* EventDetailPresenter.swift */; };
		8448D85024A5089A00A3BCC8 /* EventDetailRouter.swift in Sources */ = {isa = PBXBuildFile; fileRef = 8448D84F24A5089A00A3BCC8 /* EventDetailRouter.swift */; };
		8448D85524A5097200A3BCC8 /* CommonProtocol.swift in Sources */ = {isa = PBXBuildFile; fileRef = 8448D85424A5097200A3BCC8 /* CommonProtocol.swift */; };
		8448D85824A52B4200A3BCC8 /* AppStoryboard.swift in Sources */ = {isa = PBXBuildFile; fileRef = 8448D85724A52B4200A3BCC8 /* AppStoryboard.swift */; };
		8448D85B24A52ED000A3BCC8 /* Extension+TableView.swift in Sources */ = {isa = PBXBuildFile; fileRef = 8448D85A24A52ECF00A3BCC8 /* Extension+TableView.swift */; };
		8448D85E24A5392C00A3BCC8 /* CustomSegmentedControl.swift in Sources */ = {isa = PBXBuildFile; fileRef = 8448D85D24A5392C00A3BCC8 /* CustomSegmentedControl.swift */; };
		848B194324A5434E003EB879 /* Color+Extension.swift in Sources */ = {isa = PBXBuildFile; fileRef = 848B194224A5434E003EB879 /* Color+Extension.swift */; };
		848B194724A5446B003EB879 /* EventInformationCell.swift in Sources */ = {isa = PBXBuildFile; fileRef = 848B194524A5446B003EB879 /* EventInformationCell.swift */; };
		848B194824A5446B003EB879 /* EventInformationCell.xib in Resources */ = {isa = PBXBuildFile; fileRef = 848B194624A5446B003EB879 /* EventInformationCell.xib */; };
		848B194B24A547F0003EB879 /* EventLocationTableViewCell.swift in Sources */ = {isa = PBXBuildFile; fileRef = 848B194924A547F0003EB879 /* EventLocationTableViewCell.swift */; };
		848B194C24A547F0003EB879 /* EventLocationTableViewCell.xib in Resources */ = {isa = PBXBuildFile; fileRef = 848B194A24A547F0003EB879 /* EventLocationTableViewCell.xib */; };
		848B194F24A54ADF003EB879 /* EventBriefDescriptionTableViewCell.swift in Sources */ = {isa = PBXBuildFile; fileRef = 848B194D24A54ADF003EB879 /* EventBriefDescriptionTableViewCell.swift */; };
		848B195024A54ADF003EB879 /* EventBriefDescriptionTableViewCell.xib in Resources */ = {isa = PBXBuildFile; fileRef = 848B194E24A54ADF003EB879 /* EventBriefDescriptionTableViewCell.xib */; };
		848B195324A54BFF003EB879 /* EventOrganizerTableViewCell.swift in Sources */ = {isa = PBXBuildFile; fileRef = 848B195124A54BFF003EB879 /* EventOrganizerTableViewCell.swift */; };
		848B195424A54BFF003EB879 /* EventOrganizerTableViewCell.xib in Resources */ = {isa = PBXBuildFile; fileRef = 848B195224A54BFF003EB879 /* EventOrganizerTableViewCell.xib */; };
		848B195724A54D62003EB879 /* EventTypeTableViewCell.swift in Sources */ = {isa = PBXBuildFile; fileRef = 848B195524A54D62003EB879 /* EventTypeTableViewCell.swift */; };
		848B195824A54D62003EB879 /* EventTypeTableViewCell.xib in Resources */ = {isa = PBXBuildFile; fileRef = 848B195624A54D62003EB879 /* EventTypeTableViewCell.xib */; };
		848B195B24A5B721003EB879 /* AlamofireRequest.swift in Sources */ = {isa = PBXBuildFile; fileRef = 848B195A24A5B720003EB879 /* AlamofireRequest.swift */; };
		848B195E24A5B7EC003EB879 /* TechGropseConfig.swift in Sources */ = {isa = PBXBuildFile; fileRef = 848B195D24A5B7EC003EB879 /* TechGropseConfig.swift */; };
		848B196124A5B860003EB879 /* TechgropseHelper.swift in Sources */ = {isa = PBXBuildFile; fileRef = 848B196024A5B860003EB879 /* TechgropseHelper.swift */; };
		848B196C24A5D583003EB879 /* EventDetailsMaster.swift in Sources */ = {isa = PBXBuildFile; fileRef = 848B196224A5D582003EB879 /* EventDetailsMaster.swift */; };
		848B196D24A5D583003EB879 /* Event_tag.swift in Sources */ = {isa = PBXBuildFile; fileRef = 848B196324A5D582003EB879 /* Event_tag.swift */; };
		848B196E24A5D583003EB879 /* Comment.swift in Sources */ = {isa = PBXBuildFile; fileRef = 848B196424A5D583003EB879 /* Comment.swift */; };
		848B196F24A5D583003EB879 /* Duration_promote_points.swift in Sources */ = {isa = PBXBuildFile; fileRef = 848B196524A5D583003EB879 /* Duration_promote_points.swift */; };
		848B197024A5D583003EB879 /* Ev_image.swift in Sources */ = {isa = PBXBuildFile; fileRef = 848B196624A5D583003EB879 /* Ev_image.swift */; };
		848B197124A5D583003EB879 /* EventData.swift in Sources */ = {isa = PBXBuildFile; fileRef = 848B196724A5D583003EB879 /* EventData.swift */; };
		848B197224A5D583003EB879 /* Event_sponser.swift in Sources */ = {isa = PBXBuildFile; fileRef = 848B196824A5D583003EB879 /* Event_sponser.swift */; };
		848B197324A5D583003EB879 /* View_promote_points.swift in Sources */ = {isa = PBXBuildFile; fileRef = 848B196924A5D583003EB879 /* View_promote_points.swift */; };
		848B197424A5D583003EB879 /* Event_organizer.swift in Sources */ = {isa = PBXBuildFile; fileRef = 848B196A24A5D583003EB879 /* Event_organizer.swift */; };
		848B197524A5D583003EB879 /* Event_performer.swift in Sources */ = {isa = PBXBuildFile; fileRef = 848B196B24A5D583003EB879 /* Event_performer.swift */; };
		848B197824A5DDD4003EB879 /* EventImgCollectionViewCell.swift in Sources */ = {isa = PBXBuildFile; fileRef = 848B197624A5DDD4003EB879 /* EventImgCollectionViewCell.swift */; };
		848B197924A5DDD4003EB879 /* EventImgCollectionViewCell.xib in Resources */ = {isa = PBXBuildFile; fileRef = 848B197724A5DDD4003EB879 /* EventImgCollectionViewCell.xib */; };
		848B197B24A5DE67003EB879 /* EventDetailsVC+DataSource.swift in Sources */ = {isa = PBXBuildFile; fileRef = 848B197A24A5DE67003EB879 /* EventDetailsVC+DataSource.swift */; };
		848B197E24A5EF5B003EB879 /* EventOrganizerCollectionViewCell.swift in Sources */ = {isa = PBXBuildFile; fileRef = 848B197C24A5EF5B003EB879 /* EventOrganizerCollectionViewCell.swift */; };
		848B197F24A5EF5B003EB879 /* EventOrganizerCollectionViewCell.xib in Resources */ = {isa = PBXBuildFile; fileRef = 848B197D24A5EF5B003EB879 /* EventOrganizerCollectionViewCell.xib */; };
		92AA59148BC40F5A1483D111 /* Pods_TechGropseAssignment.framework in Frameworks */ = {isa = PBXBuildFile; fileRef = AE3A17775F07EC10C2B4FF69 /* Pods_TechGropseAssignment.framework */; };
/* End PBXBuildFile section */

/* Begin PBXFileReference section */
		1A8CAD09A7AB94E5AA3745AF /* Pods-TechGropseAssignment.release.xcconfig */ = {isa = PBXFileReference; includeInIndex = 1; lastKnownFileType = text.xcconfig; name = "Pods-TechGropseAssignment.release.xcconfig"; path = "Target Support Files/Pods-TechGropseAssignment/Pods-TechGropseAssignment.release.xcconfig"; sourceTree = "<group>"; };
		51593596BC28CB5F714008A3 /* Pods-TechGropseAssignment.debug.xcconfig */ = {isa = PBXFileReference; includeInIndex = 1; lastKnownFileType = text.xcconfig; name = "Pods-TechGropseAssignment.debug.xcconfig"; path = "Target Support Files/Pods-TechGropseAssignment/Pods-TechGropseAssignment.debug.xcconfig"; sourceTree = "<group>"; };
		8448D82524A500A400A3BCC8 /* TechGropseAssignment.app */ = {isa = PBXFileReference; explicitFileType = wrapper.application; includeInIndex = 0; path = TechGropseAssignment.app; sourceTree = BUILT_PRODUCTS_DIR; };
		8448D82824A500A400A3BCC8 /* AppDelegate.swift */ = {isa = PBXFileReference; lastKnownFileType = sourcecode.swift; path = AppDelegate.swift; sourceTree = "<group>"; };
		8448D82F24A500A400A3BCC8 /* Base */ = {isa = PBXFileReference; lastKnownFileType = file.storyboard; name = Base; path = Base.lproj/Main.storyboard; sourceTree = "<group>"; };
		8448D83124A500B700A3BCC8 /* Assets.xcassets */ = {isa = PBXFileReference; lastKnownFileType = folder.assetcatalog; path = Assets.xcassets; sourceTree = "<group>"; };
		8448D83424A500B700A3BCC8 /* Base */ = {isa = PBXFileReference; lastKnownFileType = file.storyboard; name = Base; path = Base.lproj/LaunchScreen.storyboard; sourceTree = "<group>"; };
		8448D83624A500B700A3BCC8 /* Info.plist */ = {isa = PBXFileReference; lastKnownFileType = text.plist.xml; path = Info.plist; sourceTree = "<group>"; };
		8448D84724A504EA00A3BCC8 /* EntityDetailsPresenterProtocols.swift */ = {isa = PBXFileReference; lastKnownFileType = sourcecode.swift; path = EntityDetailsPresenterProtocols.swift; sourceTree = "<group>"; };
		8448D84924A506F600A3BCC8 /* EventDetailsIntractor.swift */ = {isa = PBXFileReference; lastKnownFileType = sourcecode.swift; path = EventDetailsIntractor.swift; sourceTree = "<group>"; };
		8448D84B24A507CA00A3BCC8 /* EventDetailsViewController.swift */ = {isa = PBXFileReference; lastKnownFileType = sourcecode.swift; path = EventDetailsViewController.swift; sourceTree = "<group>"; };
		8448D84D24A5085600A3BCC8 /* EventDetailPresenter.swift */ = {isa = PBXFileReference; lastKnownFileType = sourcecode.swift; path = EventDetailPresenter.swift; sourceTree = "<group>"; };
		8448D84F24A5089A00A3BCC8 /* EventDetailRouter.swift */ = {isa = PBXFileReference; lastKnownFileType = sourcecode.swift; path = EventDetailRouter.swift; sourceTree = "<group>"; };
		8448D85424A5097200A3BCC8 /* CommonProtocol.swift */ = {isa = PBXFileReference; lastKnownFileType = sourcecode.swift; path = CommonProtocol.swift; sourceTree = "<group>"; };
		8448D85724A52B4200A3BCC8 /* AppStoryboard.swift */ = {isa = PBXFileReference; lastKnownFileType = sourcecode.swift; path = AppStoryboard.swift; sourceTree = "<group>"; };
		8448D85A24A52ECF00A3BCC8 /* Extension+TableView.swift */ = {isa = PBXFileReference; fileEncoding = 4; lastKnownFileType = sourcecode.swift; path = "Extension+TableView.swift"; sourceTree = "<group>"; };
		8448D85D24A5392C00A3BCC8 /* CustomSegmentedControl.swift */ = {isa = PBXFileReference; fileEncoding = 4; lastKnownFileType = sourcecode.swift; path = CustomSegmentedControl.swift; sourceTree = "<group>"; };
		848B194224A5434E003EB879 /* Color+Extension.swift */ = {isa = PBXFileReference; lastKnownFileType = sourcecode.swift; path = "Color+Extension.swift"; sourceTree = "<group>"; };
		848B194524A5446B003EB879 /* EventInformationCell.swift */ = {isa = PBXFileReference; lastKnownFileType = sourcecode.swift; path = EventInformationCell.swift; sourceTree = "<group>"; };
		848B194624A5446B003EB879 /* EventInformationCell.xib */ = {isa = PBXFileReference; lastKnownFileType = file.xib; path = EventInformationCell.xib; sourceTree = "<group>"; };
		848B194924A547F0003EB879 /* EventLocationTableViewCell.swift */ = {isa = PBXFileReference; lastKnownFileType = sourcecode.swift; path = EventLocationTableViewCell.swift; sourceTree = "<group>"; };
		848B194A24A547F0003EB879 /* EventLocationTableViewCell.xib */ = {isa = PBXFileReference; lastKnownFileType = file.xib; path = EventLocationTableViewCell.xib; sourceTree = "<group>"; };
		848B194D24A54ADF003EB879 /* EventBriefDescriptionTableViewCell.swift */ = {isa = PBXFileReference; lastKnownFileType = sourcecode.swift; path = EventBriefDescriptionTableViewCell.swift; sourceTree = "<group>"; };
		848B194E24A54ADF003EB879 /* EventBriefDescriptionTableViewCell.xib */ = {isa = PBXFileReference; lastKnownFileType = file.xib; path = EventBriefDescriptionTableViewCell.xib; sourceTree = "<group>"; };
		848B195124A54BFF003EB879 /* EventOrganizerTableViewCell.swift */ = {isa = PBXFileReference; lastKnownFileType = sourcecode.swift; path = EventOrganizerTableViewCell.swift; sourceTree = "<group>"; };
		848B195224A54BFF003EB879 /* EventOrganizerTableViewCell.xib */ = {isa = PBXFileReference; lastKnownFileType = file.xib; path = EventOrganizerTableViewCell.xib; sourceTree = "<group>"; };
		848B195524A54D62003EB879 /* EventTypeTableViewCell.swift */ = {isa = PBXFileReference; lastKnownFileType = sourcecode.swift; path = EventTypeTableViewCell.swift; sourceTree = "<group>"; };
		848B195624A54D62003EB879 /* EventTypeTableViewCell.xib */ = {isa = PBXFileReference; lastKnownFileType = file.xib; path = EventTypeTableViewCell.xib; sourceTree = "<group>"; };
		848B195A24A5B720003EB879 /* AlamofireRequest.swift */ = {isa = PBXFileReference; fileEncoding = 4; lastKnownFileType = sourcecode.swift; path = AlamofireRequest.swift; sourceTree = "<group>"; };
		848B195D24A5B7EC003EB879 /* TechGropseConfig.swift */ = {isa = PBXFileReference; lastKnownFileType = sourcecode.swift; path = TechGropseConfig.swift; sourceTree = "<group>"; };
		848B196024A5B860003EB879 /* TechgropseHelper.swift */ = {isa = PBXFileReference; lastKnownFileType = sourcecode.swift; path = TechgropseHelper.swift; sourceTree = "<group>"; };
		848B196224A5D582003EB879 /* EventDetailsMaster.swift */ = {isa = PBXFileReference; fileEncoding = 4; lastKnownFileType = sourcecode.swift; path = EventDetailsMaster.swift; sourceTree = "<group>"; };
		848B196324A5D582003EB879 /* Event_tag.swift */ = {isa = PBXFileReference; fileEncoding = 4; lastKnownFileType = sourcecode.swift; path = Event_tag.swift; sourceTree = "<group>"; };
		848B196424A5D583003EB879 /* Comment.swift */ = {isa = PBXFileReference; fileEncoding = 4; lastKnownFileType = sourcecode.swift; path = Comment.swift; sourceTree = "<group>"; };
		848B196524A5D583003EB879 /* Duration_promote_points.swift */ = {isa = PBXFileReference; fileEncoding = 4; lastKnownFileType = sourcecode.swift; path = Duration_promote_points.swift; sourceTree = "<group>"; };
		848B196624A5D583003EB879 /* Ev_image.swift */ = {isa = PBXFileReference; fileEncoding = 4; lastKnownFileType = sourcecode.swift; path = Ev_image.swift; sourceTree = "<group>"; };
		848B196724A5D583003EB879 /* EventData.swift */ = {isa = PBXFileReference; fileEncoding = 4; lastKnownFileType = sourcecode.swift; path = EventData.swift; sourceTree = "<group>"; };
		848B196824A5D583003EB879 /* Event_sponser.swift */ = {isa = PBXFileReference; fileEncoding = 4; lastKnownFileType = sourcecode.swift; path = Event_sponser.swift; sourceTree = "<group>"; };
		848B196924A5D583003EB879 /* View_promote_points.swift */ = {isa = PBXFileReference; fileEncoding = 4; lastKnownFileType = sourcecode.swift; path = View_promote_points.swift; sourceTree = "<group>"; };
		848B196A24A5D583003EB879 /* Event_organizer.swift */ = {isa = PBXFileReference; fileEncoding = 4; lastKnownFileType = sourcecode.swift; path = Event_organizer.swift; sourceTree = "<group>"; };
		848B196B24A5D583003EB879 /* Event_performer.swift */ = {isa = PBXFileReference; fileEncoding = 4; lastKnownFileType = sourcecode.swift; path = Event_performer.swift; sourceTree = "<group>"; };
		848B197624A5DDD4003EB879 /* EventImgCollectionViewCell.swift */ = {isa = PBXFileReference; lastKnownFileType = sourcecode.swift; path = EventImgCollectionViewCell.swift; sourceTree = "<group>"; };
		848B197724A5DDD4003EB879 /* EventImgCollectionViewCell.xib */ = {isa = PBXFileReference; lastKnownFileType = file.xib; path = EventImgCollectionViewCell.xib; sourceTree = "<group>"; };
		848B197A24A5DE67003EB879 /* EventDetailsVC+DataSource.swift */ = {isa = PBXFileReference; lastKnownFileType = sourcecode.swift; path = "EventDetailsVC+DataSource.swift"; sourceTree = "<group>"; };
		848B197C24A5EF5B003EB879 /* EventOrganizerCollectionViewCell.swift */ = {isa = PBXFileReference; lastKnownFileType = sourcecode.swift; path = EventOrganizerCollectionViewCell.swift; sourceTree = "<group>"; };
		848B197D24A5EF5B003EB879 /* EventOrganizerCollectionViewCell.xib */ = {isa = PBXFileReference; lastKnownFileType = file.xib; path = EventOrganizerCollectionViewCell.xib; sourceTree = "<group>"; };
		AE3A17775F07EC10C2B4FF69 /* Pods_TechGropseAssignment.framework */ = {isa = PBXFileReference; explicitFileType = wrapper.framework; includeInIndex = 0; path = Pods_TechGropseAssignment.framework; sourceTree = BUILT_PRODUCTS_DIR; };
/* End PBXFileReference section */

/* Begin PBXFrameworksBuildPhase section */
		8448D82224A500A400A3BCC8 /* Frameworks */ = {
			isa = PBXFrameworksBuildPhase;
			buildActionMask = 2147483647;
			files = (
				92AA59148BC40F5A1483D111 /* Pods_TechGropseAssignment.framework in Frameworks */,
			);
			runOnlyForDeploymentPostprocessing = 0;
		};
/* End PBXFrameworksBuildPhase section */

/* Begin PBXGroup section */
		3F9A6036196C7C29A6467755 /* Frameworks */ = {
			isa = PBXGroup;
			children = (
				AE3A17775F07EC10C2B4FF69 /* Pods_TechGropseAssignment.framework */,
			);
			name = Frameworks;
			sourceTree = "<group>";
		};
		8448D81C24A500A400A3BCC8 = {
			isa = PBXGroup;
			children = (
				8448D82724A500A400A3BCC8 /* TechGropseAssignment */,
				8448D82624A500A400A3BCC8 /* Products */,
				FBA99A2AA2251B6C1F68B089 /* Pods */,
				3F9A6036196C7C29A6467755 /* Frameworks */,
			);
			sourceTree = "<group>";
		};
		8448D82624A500A400A3BCC8 /* Products */ = {
			isa = PBXGroup;
			children = (
				8448D82524A500A400A3BCC8 /* TechGropseAssignment.app */,
			);
			name = Products;
			sourceTree = "<group>";
		};
		8448D82724A500A400A3BCC8 /* TechGropseAssignment */ = {
			isa = PBXGroup;
			children = (
				8448D85924A52EB100A3BCC8 /* Helper */,
				8448D85624A52B1D00A3BCC8 /* StoryboardController */,
				8448D85324A5094B00A3BCC8 /* CommonProtocol */,
				8448D83C24A502A500A3BCC8 /* AppDelegateModule */,
				8448D83D24A503BE00A3BCC8 /* EventDetailsModules */,
				8448D82E24A500A400A3BCC8 /* Main.storyboard */,
				8448D83124A500B700A3BCC8 /* Assets.xcassets */,
				8448D83324A500B700A3BCC8 /* LaunchScreen.storyboard */,
				8448D83624A500B700A3BCC8 /* Info.plist */,
			);
			path = TechGropseAssignment;
			sourceTree = "<group>";
		};
		8448D83C24A502A500A3BCC8 /* AppDelegateModule */ = {
			isa = PBXGroup;
			children = (
				8448D82824A500A400A3BCC8 /* AppDelegate.swift */,
			);
			path = AppDelegateModule;
			sourceTree = "<group>";
		};
		8448D83D24A503BE00A3BCC8 /* EventDetailsModules */ = {
			isa = PBXGroup;
			children = (
				8448D83E24A503DB00A3BCC8 /* Views */,
				8448D83F24A503E400A3BCC8 /* Intractor */,
				8448D84024A503F500A3BCC8 /* Presenter */,
				8448D84124A5040100A3BCC8 /* Router */,
				8448D84224A5040C00A3BCC8 /* Entity */,
				8448D84324A5042800A3BCC8 /* Protocols */,
			);
			path = EventDetailsModules;
			sourceTree = "<group>";
		};
		8448D83E24A503DB00A3BCC8 /* Views */ = {
			isa = PBXGroup;
			children = (
				848B194424A54428003EB879 /* EventTableViewCell */,
				8448D84424A5046600A3BCC8 /* EventDetailsViewController */,
			);
			path = Views;
			sourceTree = "<group>";
		};
		8448D83F24A503E400A3BCC8 /* Intractor */ = {
			isa = PBXGroup;
			children = (
				8448D84924A506F600A3BCC8 /* EventDetailsIntractor.swift */,
			);
			path = Intractor;
			sourceTree = "<group>";
		};
		8448D84024A503F500A3BCC8 /* Presenter */ = {
			isa = PBXGroup;
			children = (
				8448D84D24A5085600A3BCC8 /* EventDetailPresenter.swift */,
			);
			path = Presenter;
			sourceTree = "<group>";
		};
		8448D84124A5040100A3BCC8 /* Router */ = {
			isa = PBXGroup;
			children = (
				8448D84F24A5089A00A3BCC8 /* EventDetailRouter.swift */,
			);
			path = Router;
			sourceTree = "<group>";
		};
		8448D84224A5040C00A3BCC8 /* Entity */ = {
			isa = PBXGroup;
			children = (
				8448D85224A508E500A3BCC8 /* ServerModel */,
				8448D85124A508D400A3BCC8 /* LocalDataBaseModel */,
			);
			path = Entity;
			sourceTree = "<group>";
		};
		8448D84324A5042800A3BCC8 /* Protocols */ = {
			isa = PBXGroup;
			children = (
				8448D84724A504EA00A3BCC8 /* EntityDetailsPresenterProtocols.swift */,
			);
			path = Protocols;
			sourceTree = "<group>";
		};
		8448D84424A5046600A3BCC8 /* EventDetailsViewController */ = {
			isa = PBXGroup;
			children = (
				8448D84B24A507CA00A3BCC8 /* EventDetailsViewController.swift */,
				848B197A24A5DE67003EB879 /* EventDetailsVC+DataSource.swift */,
			);
			path = EventDetailsViewController;
			sourceTree = "<group>";
		};
		8448D85124A508D400A3BCC8 /* LocalDataBaseModel */ = {
			isa = PBXGroup;
			children = (
			);
			path = LocalDataBaseModel;
			sourceTree = "<group>";
		};
		8448D85224A508E500A3BCC8 /* ServerModel */ = {
			isa = PBXGroup;
			children = (
				848B196424A5D583003EB879 /* Comment.swift */,
				848B196724A5D583003EB879 /* EventData.swift */,
				848B196524A5D583003EB879 /* Duration_promote_points.swift */,
				848B196624A5D583003EB879 /* Ev_image.swift */,
				848B196A24A5D583003EB879 /* Event_organizer.swift */,
				848B196B24A5D583003EB879 /* Event_performer.swift */,
				848B196824A5D583003EB879 /* Event_sponser.swift */,
				848B196324A5D582003EB879 /* Event_tag.swift */,
				848B196224A5D582003EB879 /* EventDetailsMaster.swift */,
				848B196924A5D583003EB879 /* View_promote_points.swift */,
			);
			path = ServerModel;
			sourceTree = "<group>";
		};
		8448D85324A5094B00A3BCC8 /* CommonProtocol */ = {
			isa = PBXGroup;
			children = (
				8448D85424A5097200A3BCC8 /* CommonProtocol.swift */,
			);
			path = CommonProtocol;
			sourceTree = "<group>";
		};
		8448D85624A52B1D00A3BCC8 /* StoryboardController */ = {
			isa = PBXGroup;
			children = (
				8448D85724A52B4200A3BCC8 /* AppStoryboard.swift */,
			);
			path = StoryboardController;
			sourceTree = "<group>";
		};
		8448D85924A52EB100A3BCC8 /* Helper */ = {
			isa = PBXGroup;
			children = (
				848B195F24A5B838003EB879 /* TechgropseHelper */,
				848B195C24A5B7BF003EB879 /* TechGroupsConfig */,
				848B195924A5B704003EB879 /* NetworkRequest */,
				8448D85C24A5392C00A3BCC8 /* CustomSegmentControl */,
				8448D85A24A52ECF00A3BCC8 /* Extension+TableView.swift */,
				848B194224A5434E003EB879 /* Color+Extension.swift */,
			);
			path = Helper;
			sourceTree = "<group>";
		};
		8448D85C24A5392C00A3BCC8 /* CustomSegmentControl */ = {
			isa = PBXGroup;
			children = (
				8448D85D24A5392C00A3BCC8 /* CustomSegmentedControl.swift */,
			);
			path = CustomSegmentControl;
			sourceTree = "<group>";
		};
		848B194424A54428003EB879 /* EventTableViewCell */ = {
			isa = PBXGroup;
			children = (
				848B194524A5446B003EB879 /* EventInformationCell.swift */,
				848B194624A5446B003EB879 /* EventInformationCell.xib */,
				848B194924A547F0003EB879 /* EventLocationTableViewCell.swift */,
				848B194A24A547F0003EB879 /* EventLocationTableViewCell.xib */,
				848B194D24A54ADF003EB879 /* EventBriefDescriptionTableViewCell.swift */,
				848B194E24A54ADF003EB879 /* EventBriefDescriptionTableViewCell.xib */,
				848B195124A54BFF003EB879 /* EventOrganizerTableViewCell.swift */,
				848B195224A54BFF003EB879 /* EventOrganizerTableViewCell.xib */,
				848B195524A54D62003EB879 /* EventTypeTableViewCell.swift */,
				848B195624A54D62003EB879 /* EventTypeTableViewCell.xib */,
				848B197624A5DDD4003EB879 /* EventImgCollectionViewCell.swift */,
				848B197724A5DDD4003EB879 /* EventImgCollectionViewCell.xib */,
				848B197C24A5EF5B003EB879 /* EventOrganizerCollectionViewCell.swift */,
				848B197D24A5EF5B003EB879 /* EventOrganizerCollectionViewCell.xib */,
			);
			path = EventTableViewCell;
			sourceTree = "<group>";
		};
		848B195924A5B704003EB879 /* NetworkRequest */ = {
			isa = PBXGroup;
			children = (
				848B195A24A5B720003EB879 /* AlamofireRequest.swift */,
			);
			path = NetworkRequest;
			sourceTree = "<group>";
		};
		848B195C24A5B7BF003EB879 /* TechGroupsConfig */ = {
			isa = PBXGroup;
			children = (
				848B195D24A5B7EC003EB879 /* TechGropseConfig.swift */,
			);
			path = TechGroupsConfig;
			sourceTree = "<group>";
		};
		848B195F24A5B838003EB879 /* TechgropseHelper */ = {
			isa = PBXGroup;
			children = (
				848B196024A5B860003EB879 /* TechgropseHelper.swift */,
			);
			path = TechgropseHelper;
			sourceTree = "<group>";
		};
		FBA99A2AA2251B6C1F68B089 /* Pods */ = {
			isa = PBXGroup;
			children = (
				51593596BC28CB5F714008A3 /* Pods-TechGropseAssignment.debug.xcconfig */,
				1A8CAD09A7AB94E5AA3745AF /* Pods-TechGropseAssignment.release.xcconfig */,
			);
			path = Pods;
			sourceTree = "<group>";
		};
/* End PBXGroup section */

/* Begin PBXNativeTarget section */
		8448D82424A500A400A3BCC8 /* TechGropseAssignment */ = {
			isa = PBXNativeTarget;
			buildConfigurationList = 8448D83924A500B700A3BCC8 /* Build configuration list for PBXNativeTarget "TechGropseAssignment" */;
			buildPhases = (
				D938A0282C02C06072DA60B3 /* [CP] Check Pods Manifest.lock */,
				8448D82124A500A400A3BCC8 /* Sources */,
				8448D82224A500A400A3BCC8 /* Frameworks */,
				8448D82324A500A400A3BCC8 /* Resources */,
				BAFE0B9404EF9C1044E68FA4 /* [CP] Embed Pods Frameworks */,
				E2D5CBC33CA678F044E0EC47 /* [CP] Copy Pods Resources */,
			);
			buildRules = (
			);
			dependencies = (
			);
			name = TechGropseAssignment;
			productName = TechGropseAssignment;
			productReference = 8448D82524A500A400A3BCC8 /* TechGropseAssignment.app */;
			productType = "com.apple.product-type.application";
		};
/* End PBXNativeTarget section */

/* Begin PBXProject section */
		8448D81D24A500A400A3BCC8 /* Project object */ = {
			isa = PBXProject;
			attributes = {
				LastSwiftUpdateCheck = 1130;
				LastUpgradeCheck = 1130;
				ORGANIZATIONNAME = Admin;
				TargetAttributes = {
					8448D82424A500A400A3BCC8 = {
						CreatedOnToolsVersion = 11.3.1;
					};
				};
			};
			buildConfigurationList = 8448D82024A500A400A3BCC8 /* Build configuration list for PBXProject "TechGropseAssignment" */;
			compatibilityVersion = "Xcode 9.3";
			developmentRegion = en;
			hasScannedForEncodings = 0;
			knownRegions = (
				en,
				Base,
			);
			mainGroup = 8448D81C24A500A400A3BCC8;
			productRefGroup = 8448D82624A500A400A3BCC8 /* Products */;
			projectDirPath = "";
			projectRoot = "";
			targets = (
				8448D82424A500A400A3BCC8 /* TechGropseAssignment */,
			);
		};
/* End PBXProject section */

/* Begin PBXResourcesBuildPhase section */
		8448D82324A500A400A3BCC8 /* Resources */ = {
			isa = PBXResourcesBuildPhase;
			buildActionMask = 2147483647;
			files = (
				848B195424A54BFF003EB879 /* EventOrganizerTableViewCell.xib in Resources */,
				8448D83524A500B700A3BCC8 /* LaunchScreen.storyboard in Resources */,
				848B195824A54D62003EB879 /* EventTypeTableViewCell.xib in Resources */,
				848B197F24A5EF5B003EB879 /* EventOrganizerCollectionViewCell.xib in Resources */,
				848B194824A5446B003EB879 /* EventInformationCell.xib in Resources */,
				8448D83224A500B700A3BCC8 /* Assets.xcassets in Resources */,
				8448D83024A500A400A3BCC8 /* Main.storyboard in Resources */,
				848B197924A5DDD4003EB879 /* EventImgCollectionViewCell.xib in Resources */,
				848B195024A54ADF003EB879 /* EventBriefDescriptionTableViewCell.xib in Resources */,
				848B194C24A547F0003EB879 /* EventLocationTableViewCell.xib in Resources */,
			);
			runOnlyForDeploymentPostprocessing = 0;
		};
/* End PBXResourcesBuildPhase section */

/* Begin PBXShellScriptBuildPhase section */
		BAFE0B9404EF9C1044E68FA4 /* [CP] Embed Pods Frameworks */ = {
			isa = PBXShellScriptBuildPhase;
			buildActionMask = 2147483647;
			files = (
			);
			inputFileListPaths = (
				"${PODS_ROOT}/Target Support Files/Pods-TechGropseAssignment/Pods-TechGropseAssignment-frameworks-${CONFIGURATION}-input-files.xcfilelist",
			);
			name = "[CP] Embed Pods Frameworks";
			outputFileListPaths = (
				"${PODS_ROOT}/Target Support Files/Pods-TechGropseAssignment/Pods-TechGropseAssignment-frameworks-${CONFIGURATION}-output-files.xcfilelist",
			);
			runOnlyForDeploymentPostprocessing = 0;
			shellPath = /bin/sh;
			shellScript = "\"${PODS_ROOT}/Target Support Files/Pods-TechGropseAssignment/Pods-TechGropseAssignment-frameworks.sh\"\n";
			showEnvVarsInLog = 0;
		};
		D938A0282C02C06072DA60B3 /* [CP] Check Pods Manifest.lock */ = {
			isa = PBXShellScriptBuildPhase;
			buildActionMask = 2147483647;
			files = (
			);
			inputFileListPaths = (
			);
			inputPaths = (
				"${PODS_PODFILE_DIR_PATH}/Podfile.lock",
				"${PODS_ROOT}/Manifest.lock",
			);
			name = "[CP] Check Pods Manifest.lock";
			outputFileListPaths = (
			);
			outputPaths = (
				"$(DERIVED_FILE_DIR)/Pods-TechGropseAssignment-checkManifestLockResult.txt",
			);
			runOnlyForDeploymentPostprocessing = 0;
			shellPath = /bin/sh;
			shellScript = "diff \"${PODS_PODFILE_DIR_PATH}/Podfile.lock\" \"${PODS_ROOT}/Manifest.lock\" > /dev/null\nif [ $? != 0 ] ; then\n    # print error to STDERR\n    echo \"error: The sandbox is not in sync with the Podfile.lock. Run 'pod install' or update your CocoaPods installation.\" >&2\n    exit 1\nfi\n# This output is used by Xcode 'outputs' to avoid re-running this script phase.\necho \"SUCCESS\" > \"${SCRIPT_OUTPUT_FILE_0}\"\n";
			showEnvVarsInLog = 0;
		};
		E2D5CBC33CA678F044E0EC47 /* [CP] Copy Pods Resources */ = {
			isa = PBXShellScriptBuildPhase;
			buildActionMask = 2147483647;
			files = (
			);
			inputFileListPaths = (
				"${PODS_ROOT}/Target Support Files/Pods-TechGropseAssignment/Pods-TechGropseAssignment-resources-${CONFIGURATION}-input-files.xcfilelist",
			);
			name = "[CP] Copy Pods Resources";
			outputFileListPaths = (
				"${PODS_ROOT}/Target Support Files/Pods-TechGropseAssignment/Pods-TechGropseAssignment-resources-${CONFIGURATION}-output-files.xcfilelist",
			);
			runOnlyForDeploymentPostprocessing = 0;
			shellPath = /bin/sh;
			shellScript = "\"${PODS_ROOT}/Target Support Files/Pods-TechGropseAssignment/Pods-TechGropseAssignment-resources.sh\"\n";
			showEnvVarsInLog = 0;
		};
/* End PBXShellScriptBuildPhase section */

/* Begin PBXSourcesBuildPhase section */
		8448D82124A500A400A3BCC8 /* Sources */ = {
			isa = PBXSourcesBuildPhase;
			buildActionMask = 2147483647;
			files = (
				848B197524A5D583003EB879 /* Event_performer.swift in Sources */,
				848B194F24A54ADF003EB879 /* EventBriefDescriptionTableViewCell.swift in Sources */,
				8448D85B24A52ED000A3BCC8 /* Extension+TableView.swift in Sources */,
				848B194724A5446B003EB879 /* EventInformationCell.swift in Sources */,
				8448D85824A52B4200A3BCC8 /* AppStoryboard.swift in Sources */,
				848B196D24A5D583003EB879 /* Event_tag.swift in Sources */,
				848B197224A5D583003EB879 /* Event_sponser.swift in Sources */,
				8448D84824A504EA00A3BCC8 /* EntityDetailsPresenterProtocols.swift in Sources */,
				848B197124A5D583003EB879 /* EventData.swift in Sources */,
				8448D85E24A5392C00A3BCC8 /* CustomSegmentedControl.swift in Sources */,
				848B195324A54BFF003EB879 /* EventOrganizerTableViewCell.swift in Sources */,
				848B196C24A5D583003EB879 /* EventDetailsMaster.swift in Sources */,
				848B196E24A5D583003EB879 /* Comment.swift in Sources */,
				8448D84C24A507CA00A3BCC8 /* EventDetailsViewController.swift in Sources */,
				8448D85524A5097200A3BCC8 /* CommonProtocol.swift in Sources */,
				848B197424A5D583003EB879 /* Event_organizer.swift in Sources */,
				848B194B24A547F0003EB879 /* EventLocationTableViewCell.swift in Sources */,
				8448D85024A5089A00A3BCC8 /* EventDetailRouter.swift in Sources */,
				848B197B24A5DE67003EB879 /* EventDetailsVC+DataSource.swift in Sources */,
				848B197024A5D583003EB879 /* Ev_image.swift in Sources */,
				8448D84A24A506F600A3BCC8 /* EventDetailsIntractor.swift in Sources */,
				8448D84E24A5085600A3BCC8 /* EventDetailPresenter.swift in Sources */,
				848B196124A5B860003EB879 /* TechgropseHelper.swift in Sources */,
				848B194324A5434E003EB879 /* Color+Extension.swift in Sources */,
				848B195B24A5B721003EB879 /* AlamofireRequest.swift in Sources */,
				848B195E24A5B7EC003EB879 /* TechGropseConfig.swift in Sources */,
				848B197324A5D583003EB879 /* View_promote_points.swift in Sources */,
				848B197E24A5EF5B003EB879 /* EventOrganizerCollectionViewCell.swift in Sources */,
				848B195724A54D62003EB879 /* EventTypeTableViewCell.swift in Sources */,
				848B196F24A5D583003EB879 /* Duration_promote_points.swift in Sources */,
				848B197824A5DDD4003EB879 /* EventImgCollectionViewCell.swift in Sources */,
				8448D82924A500A400A3BCC8 /* AppDelegate.swift in Sources */,
			);
			runOnlyForDeploymentPostprocessing = 0;
		};
/* End PBXSourcesBuildPhase section */

/* Begin PBXVariantGroup section */
		8448D82E24A500A400A3BCC8 /* Main.storyboard */ = {
			isa = PBXVariantGroup;
			children = (
				8448D82F24A500A400A3BCC8 /* Base */,
			);
			name = Main.storyboard;
			sourceTree = "<group>";
		};
		8448D83324A500B700A3BCC8 /* LaunchScreen.storyboard */ = {
			isa = PBXVariantGroup;
			children = (
				8448D83424A500B700A3BCC8 /* Base */,
			);
			name = LaunchScreen.storyboard;
			sourceTree = "<group>";
		};
/* End PBXVariantGroup section */

/* Begin XCBuildConfiguration section */
		8448D83724A500B700A3BCC8 /* Debug */ = {
			isa = XCBuildConfiguration;
			buildSettings = {
				ALWAYS_SEARCH_USER_PATHS = NO;
				CLANG_ANALYZER_NONNULL = YES;
				CLANG_ANALYZER_NUMBER_OBJECT_CONVERSION = YES_AGGRESSIVE;
				CLANG_CXX_LANGUAGE_STANDARD = "gnu++14";
				CLANG_CXX_LIBRARY = "libc++";
				CLANG_ENABLE_MODULES = YES;
				CLANG_ENABLE_OBJC_ARC = YES;
				CLANG_ENABLE_OBJC_WEAK = YES;
				CLANG_WARN_BLOCK_CAPTURE_AUTORELEASING = YES;
				CLANG_WARN_BOOL_CONVERSION = YES;
				CLANG_WARN_COMMA = YES;
				CLANG_WARN_CONSTANT_CONVERSION = YES;
				CLANG_WARN_DEPRECATED_OBJC_IMPLEMENTATIONS = YES;
				CLANG_WARN_DIRECT_OBJC_ISA_USAGE = YES_ERROR;
				CLANG_WARN_DOCUMENTATION_COMMENTS = YES;
				CLANG_WARN_EMPTY_BODY = YES;
				CLANG_WARN_ENUM_CONVERSION = YES;
				CLANG_WARN_INFINITE_RECURSION = YES;
				CLANG_WARN_INT_CONVERSION = YES;
				CLANG_WARN_NON_LITERAL_NULL_CONVERSION = YES;
				CLANG_WARN_OBJC_IMPLICIT_RETAIN_SELF = YES;
				CLANG_WARN_OBJC_LITERAL_CONVERSION = YES;
				CLANG_WARN_OBJC_ROOT_CLASS = YES_ERROR;
				CLANG_WARN_RANGE_LOOP_ANALYSIS = YES;
				CLANG_WARN_STRICT_PROTOTYPES = YES;
				CLANG_WARN_SUSPICIOUS_MOVE = YES;
				CLANG_WARN_UNGUARDED_AVAILABILITY = YES_AGGRESSIVE;
				CLANG_WARN_UNREACHABLE_CODE = YES;
				CLANG_WARN__DUPLICATE_METHOD_MATCH = YES;
				COPY_PHASE_STRIP = NO;
				DEBUG_INFORMATION_FORMAT = dwarf;
				ENABLE_STRICT_OBJC_MSGSEND = YES;
				ENABLE_TESTABILITY = YES;
				GCC_C_LANGUAGE_STANDARD = gnu11;
				GCC_DYNAMIC_NO_PIC = NO;
				GCC_NO_COMMON_BLOCKS = YES;
				GCC_OPTIMIZATION_LEVEL = 0;
				GCC_PREPROCESSOR_DEFINITIONS = (
					"DEBUG=1",
					"$(inherited)",
				);
				GCC_WARN_64_TO_32_BIT_CONVERSION = YES;
				GCC_WARN_ABOUT_RETURN_TYPE = YES_ERROR;
				GCC_WARN_UNDECLARED_SELECTOR = YES;
				GCC_WARN_UNINITIALIZED_AUTOS = YES_AGGRESSIVE;
				GCC_WARN_UNUSED_FUNCTION = YES;
				GCC_WARN_UNUSED_VARIABLE = YES;
				IPHONEOS_DEPLOYMENT_TARGET = 13.2;
				MTL_ENABLE_DEBUG_INFO = INCLUDE_SOURCE;
				MTL_FAST_MATH = YES;
				ONLY_ACTIVE_ARCH = YES;
				SDKROOT = iphoneos;
				SWIFT_ACTIVE_COMPILATION_CONDITIONS = DEBUG;
				SWIFT_OPTIMIZATION_LEVEL = "-Onone";
			};
			name = Debug;
		};
		8448D83824A500B700A3BCC8 /* Release */ = {
			isa = XCBuildConfiguration;
			buildSettings = {
				ALWAYS_SEARCH_USER_PATHS = NO;
				CLANG_ANALYZER_NONNULL = YES;
				CLANG_ANALYZER_NUMBER_OBJECT_CONVERSION = YES_AGGRESSIVE;
				CLANG_CXX_LANGUAGE_STANDARD = "gnu++14";
				CLANG_CXX_LIBRARY = "libc++";
				CLANG_ENABLE_MODULES = YES;
				CLANG_ENABLE_OBJC_ARC = YES;
				CLANG_ENABLE_OBJC_WEAK = YES;
				CLANG_WARN_BLOCK_CAPTURE_AUTORELEASING = YES;
				CLANG_WARN_BOOL_CONVERSION = YES;
				CLANG_WARN_COMMA = YES;
				CLANG_WARN_CONSTANT_CONVERSION = YES;
				CLANG_WARN_DEPRECATED_OBJC_IMPLEMENTATIONS = YES;
				CLANG_WARN_DIRECT_OBJC_ISA_USAGE = YES_ERROR;
				CLANG_WARN_DOCUMENTATION_COMMENTS = YES;
				CLANG_WARN_EMPTY_BODY = YES;
				CLANG_WARN_ENUM_CONVERSION = YES;
				CLANG_WARN_INFINITE_RECURSION = YES;
				CLANG_WARN_INT_CONVERSION = YES;
				CLANG_WARN_NON_LITERAL_NULL_CONVERSION = YES;
				CLANG_WARN_OBJC_IMPLICIT_RETAIN_SELF = YES;
				CLANG_WARN_OBJC_LITERAL_CONVERSION = YES;
				CLANG_WARN_OBJC_ROOT_CLASS = YES_ERROR;
				CLANG_WARN_RANGE_LOOP_ANALYSIS = YES;
				CLANG_WARN_STRICT_PROTOTYPES = YES;
				CLANG_WARN_SUSPICIOUS_MOVE = YES;
				CLANG_WARN_UNGUARDED_AVAILABILITY = YES_AGGRESSIVE;
				CLANG_WARN_UNREACHABLE_CODE = YES;
				CLANG_WARN__DUPLICATE_METHOD_MATCH = YES;
				COPY_PHASE_STRIP = NO;
				DEBUG_INFORMATION_FORMAT = "dwarf-with-dsym";
				ENABLE_NS_ASSERTIONS = NO;
				ENABLE_STRICT_OBJC_MSGSEND = YES;
				GCC_C_LANGUAGE_STANDARD = gnu11;
				GCC_NO_COMMON_BLOCKS = YES;
				GCC_WARN_64_TO_32_BIT_CONVERSION = YES;
				GCC_WARN_ABOUT_RETURN_TYPE = YES_ERROR;
				GCC_WARN_UNDECLARED_SELECTOR = YES;
				GCC_WARN_UNINITIALIZED_AUTOS = YES_AGGRESSIVE;
				GCC_WARN_UNUSED_FUNCTION = YES;
				GCC_WARN_UNUSED_VARIABLE = YES;
				IPHONEOS_DEPLOYMENT_TARGET = 13.2;
				MTL_ENABLE_DEBUG_INFO = NO;
				MTL_FAST_MATH = YES;
				SDKROOT = iphoneos;
				SWIFT_COMPILATION_MODE = wholemodule;
				SWIFT_OPTIMIZATION_LEVEL = "-O";
				VALIDATE_PRODUCT = YES;
			};
			name = Release;
		};
		8448D83A24A500B700A3BCC8 /* Debug */ = {
			isa = XCBuildConfiguration;
			baseConfigurationReference = 51593596BC28CB5F714008A3 /* Pods-TechGropseAssignment.debug.xcconfig */;
			buildSettings = {
				ASSETCATALOG_COMPILER_APPICON_NAME = AppIcon;
				CODE_SIGN_STYLE = Automatic;
				INFOPLIST_FILE = TechGropseAssignment/Info.plist;
				IPHONEOS_DEPLOYMENT_TARGET = 11.0;
				LD_RUNPATH_SEARCH_PATHS = (
					"$(inherited)",
					"@executable_path/Frameworks",
				);
				PRODUCT_BUNDLE_IDENTIFIER = Demo.TechGropseAssignment;
				PRODUCT_NAME = "$(TARGET_NAME)";
				SWIFT_VERSION = 5.0;
				TARGETED_DEVICE_FAMILY = 1;
			};
			name = Debug;
		};
		8448D83B24A500B700A3BCC8 /* Release */ = {
			isa = XCBuildConfiguration;
			baseConfigurationReference = 1A8CAD09A7AB94E5AA3745AF /* Pods-TechGropseAssignment.release.xcconfig */;
			buildSettings = {
				ASSETCATALOG_COMPILER_APPICON_NAME = AppIcon;
				CODE_SIGN_STYLE = Automatic;
				INFOPLIST_FILE = TechGropseAssignment/Info.plist;
				IPHONEOS_DEPLOYMENT_TARGET = 11.0;
				LD_RUNPATH_SEARCH_PATHS = (
					"$(inherited)",
					"@executable_path/Frameworks",
				);
				PRODUCT_BUNDLE_IDENTIFIER = Demo.TechGropseAssignment;
				PRODUCT_NAME = "$(TARGET_NAME)";
				SWIFT_VERSION = 5.0;
				TARGETED_DEVICE_FAMILY = 1;
			};
			name = Release;
		};
/* End XCBuildConfiguration section */

/* Begin XCConfigurationList section */
		8448D82024A500A400A3BCC8 /* Build configuration list for PBXProject "TechGropseAssignment" */ = {
			isa = XCConfigurationList;
			buildConfigurations = (
				8448D83724A500B700A3BCC8 /* Debug */,
				8448D83824A500B700A3BCC8 /* Release */,
			);
			defaultConfigurationIsVisible = 0;
			defaultConfigurationName = Release;
		};
		8448D83924A500B700A3BCC8 /* Build configuration list for PBXNativeTarget "TechGropseAssignment" */ = {
			isa = XCConfigurationList;
			buildConfigurations = (
				8448D83A24A500B700A3BCC8 /* Debug */,
				8448D83B24A500B700A3BCC8 /* Release */,
			);
			defaultConfigurationIsVisible = 0;
			defaultConfigurationName = Release;
		};
/* End XCConfigurationList section */
	};
	rootObject = 8448D81D24A500A400A3BCC8 /* Project object */;
}
